
Microsoft Visual Studio Solution File, Format Version 12.00
# Visual Studio Version 17
VisualStudioVersion = 17.13.35919.96
MinimumVisualStudioVersion = 10.0.40219.1
Project("{FAE04EC0-301F-11D3-BF4B-00C04F79EFBC}") = "Repaso_Week1_Bootcamp_Csharp", "Repaso_Week1_Bootcamp_Csharp\Repaso_Week1_Bootcamp_Csharp.csproj", "{5E31D71E-F456-43B9-B9C2-EE83F3F02F41}"
EndProject
Project("{FAE04EC0-301F-11D3-BF4B-00C04F79EFBC}") = "WhileLoop", "WhileLoop\WhileLoop.csproj", "{5077C7C5-C080-4051-89E3-9ADAD0532FE2}"
EndProject
Project("{FAE04EC0-301F-11D3-BF4B-00C04F79EFBC}") = "ForLoop", "ForLoop\ForLoop.csproj", "{E361473F-45B9-4F5B-9356-B88EE9C38161}"
EndProject
Project("{2150E333-8FDC-42A3-9474-1A3956D46DE8}") = "Semana 1", "Semana 1", "{02EA681E-C7D8-13C7-8484-4AC65E1B71E8}"
EndProject
Project("{2150E333-8FDC-42A3-9474-1A3956D46DE8}") = "Semana 2", "Semana 2", "{37FBC5C8-2AD1-4557-AF0D-84D02D7F8F3C}"
EndProject
Project("{2150E333-8FDC-42A3-9474-1A3956D46DE8}") = "Clase 1", "Clase 1", "{B0ECD49B-C9DC-48A1-9BA9-FDE84533CEE4}"
EndProject
Project("{2150E333-8FDC-42A3-9474-1A3956D46DE8}") = "Clase 2", "Clase 2", "{1633C107-5478-42C8-957D-55A4F213D44A}"
EndProject
Project("{2150E333-8FDC-42A3-9474-1A3956D46DE8}") = "Clase 3", "Clase 3", "{F47EE2CF-DEC5-4E31-9F62-FD2633EA7760}"
EndProject
Project("{2150E333-8FDC-42A3-9474-1A3956D46DE8}") = "Clase 4 [Arrays]", "Clase 4 [Arrays]", "{8E91BC0D-1F9A-4A90-9A5F-9591E007879F}"
EndProject
Project("{2150E333-8FDC-42A3-9474-1A3956D46DE8}") = "Clase 5", "Clase 5", "{2CAAE638-481C-4003-AE32-804C14A1CA18}"
EndProject
Project("{2150E333-8FDC-42A3-9474-1A3956D46DE8}") = "Clase 6", "Clase 6", "{E89B5DBE-2018-44C8-A633-69AFBFEC4088}"
EndProject
Project("{FAE04EC0-301F-11D3-BF4B-00C04F79EFBC}") = "Week2_Reto", "Week2_Ejercicios\Week2_Reto.csproj", "{348B27B9-84F9-47CB-9AB3-46020C9D50E6}"
EndProject
Project("{FAE04EC0-301F-11D3-BF4B-00C04F79EFBC}") = "Week1_Reto", "Week1_Ejercicios\Week1_Reto.csproj", "{2D20DF5D-3566-41F3-BBF9-DFF6FB42E269}"
EndProject
Project("{FAE04EC0-301F-11D3-BF4B-00C04F79EFBC}") = "Arrays_Unilaterales", "Arrays_Unilaterales\Arrays_Unilaterales.csproj", "{131151E3-E949-4023-A0DF-629F2F52EB94}"
EndProject
Project("{FAE04EC0-301F-11D3-BF4B-00C04F79EFBC}") = "Arrays_Multidimensionales", "Arrays_Multidimensionales\Arrays_Multidimensionales.csproj", "{CB4486A5-BBFF-413D-93E5-749718DE9A4C}"
EndProject
Project("{FAE04EC0-301F-11D3-BF4B-00C04F79EFBC}") = "ArrayList_Colletions", "ArrayList_Colletions\ArrayList_Colletions.csproj", "{D4AC3D5E-8C9F-441A-804E-BAAA61A3FBF3}"
EndProject
Project("{FAE04EC0-301F-11D3-BF4B-00C04F79EFBC}") = "Collections_Dictionary", "Collections_Dictionary\Collections_Dictionary.csproj", "{3E24D14D-431A-4092-B959-D23A166649A1}"
EndProject
Project("{FAE04EC0-301F-11D3-BF4B-00C04F79EFBC}") = "Hash_Set", "Hash_Set\Hash_Set.csproj", "{E07E289C-1F7D-47BA-BF72-148D3058C711}"
EndProject
Project("{FAE04EC0-301F-11D3-BF4B-00C04F79EFBC}") = "List", "Array_List\List.csproj", "{4371A729-38FC-4D58-84B2-1C7D80182C0E}"
EndProject
Global
	GlobalSection(SolutionConfigurationPlatforms) = preSolution
		Debug|Any CPU = Debug|Any CPU
		Release|Any CPU = Release|Any CPU
	EndGlobalSection
	GlobalSection(ProjectConfigurationPlatforms) = postSolution
		{5E31D71E-F456-43B9-B9C2-EE83F3F02F41}.Debug|Any CPU.ActiveCfg = Debug|Any CPU
		{5E31D71E-F456-43B9-B9C2-EE83F3F02F41}.Debug|Any CPU.Build.0 = Debug|Any CPU
		{5E31D71E-F456-43B9-B9C2-EE83F3F02F41}.Release|Any CPU.ActiveCfg = Release|Any CPU
		{5E31D71E-F456-43B9-B9C2-EE83F3F02F41}.Release|Any CPU.Build.0 = Release|Any CPU
		{5077C7C5-C080-4051-89E3-9ADAD0532FE2}.Debug|Any CPU.ActiveCfg = Debug|Any CPU
		{5077C7C5-C080-4051-89E3-9ADAD0532FE2}.Debug|Any CPU.Build.0 = Debug|Any CPU
		{5077C7C5-C080-4051-89E3-9ADAD0532FE2}.Release|Any CPU.ActiveCfg = Release|Any CPU
		{5077C7C5-C080-4051-89E3-9ADAD0532FE2}.Release|Any CPU.Build.0 = Release|Any CPU
		{E361473F-45B9-4F5B-9356-B88EE9C38161}.Debug|Any CPU.ActiveCfg = Debug|Any CPU
		{E361473F-45B9-4F5B-9356-B88EE9C38161}.Debug|Any CPU.Build.0 = Debug|Any CPU
		{E361473F-45B9-4F5B-9356-B88EE9C38161}.Release|Any CPU.ActiveCfg = Release|Any CPU
		{E361473F-45B9-4F5B-9356-B88EE9C38161}.Release|Any CPU.Build.0 = Release|Any CPU
		{348B27B9-84F9-47CB-9AB3-46020C9D50E6}.Debug|Any CPU.ActiveCfg = Debug|Any CPU
		{348B27B9-84F9-47CB-9AB3-46020C9D50E6}.Debug|Any CPU.Build.0 = Debug|Any CPU
		{348B27B9-84F9-47CB-9AB3-46020C9D50E6}.Release|Any CPU.ActiveCfg = Release|Any CPU
		{348B27B9-84F9-47CB-9AB3-46020C9D50E6}.Release|Any CPU.Build.0 = Release|Any CPU
		{2D20DF5D-3566-41F3-BBF9-DFF6FB42E269}.Debug|Any CPU.ActiveCfg = Debug|Any CPU
		{2D20DF5D-3566-41F3-BBF9-DFF6FB42E269}.Debug|Any CPU.Build.0 = Debug|Any CPU
		{2D20DF5D-3566-41F3-BBF9-DFF6FB42E269}.Release|Any CPU.ActiveCfg = Release|Any CPU
		{2D20DF5D-3566-41F3-BBF9-DFF6FB42E269}.Release|Any CPU.Build.0 = Release|Any CPU
		{131151E3-E949-4023-A0DF-629F2F52EB94}.Debug|Any CPU.ActiveCfg = Debug|Any CPU
		{131151E3-E949-4023-A0DF-629F2F52EB94}.Debug|Any CPU.Build.0 = Debug|Any CPU
		{131151E3-E949-4023-A0DF-629F2F52EB94}.Release|Any CPU.ActiveCfg = Release|Any CPU
		{131151E3-E949-4023-A0DF-629F2F52EB94}.Release|Any CPU.Build.0 = Release|Any CPU
		{CB4486A5-BBFF-413D-93E5-749718DE9A4C}.Debug|Any CPU.ActiveCfg = Debug|Any CPU
		{CB4486A5-BBFF-413D-93E5-749718DE9A4C}.Debug|Any CPU.Build.0 = Debug|Any CPU
		{CB4486A5-BBFF-413D-93E5-749718DE9A4C}.Release|Any CPU.ActiveCfg = Release|Any CPU
		{CB4486A5-BBFF-413D-93E5-749718DE9A4C}.Release|Any CPU.Build.0 = Release|Any CPU
		{D4AC3D5E-8C9F-441A-804E-BAAA61A3FBF3}.Debug|Any CPU.ActiveCfg = Debug|Any CPU
		{D4AC3D5E-8C9F-441A-804E-BAAA61A3FBF3}.Debug|Any CPU.Build.0 = Debug|Any CPU
		{D4AC3D5E-8C9F-441A-804E-BAAA61A3FBF3}.Release|Any CPU.ActiveCfg = Release|Any CPU
		{D4AC3D5E-8C9F-441A-804E-BAAA61A3FBF3}.Release|Any CPU.Build.0 = Release|Any CPU
		{3E24D14D-431A-4092-B959-D23A166649A1}.Debug|Any CPU.ActiveCfg = Debug|Any CPU
		{3E24D14D-431A-4092-B959-D23A166649A1}.Debug|Any CPU.Build.0 = Debug|Any CPU
		{3E24D14D-431A-4092-B959-D23A166649A1}.Release|Any CPU.ActiveCfg = Release|Any CPU
		{3E24D14D-431A-4092-B959-D23A166649A1}.Release|Any CPU.Build.0 = Release|Any CPU
		{E07E289C-1F7D-47BA-BF72-148D3058C711}.Debug|Any CPU.ActiveCfg = Debug|Any CPU
		{E07E289C-1F7D-47BA-BF72-148D3058C711}.Debug|Any CPU.Build.0 = Debug|Any CPU
		{E07E289C-1F7D-47BA-BF72-148D3058C711}.Release|Any CPU.ActiveCfg = Release|Any CPU
		{E07E289C-1F7D-47BA-BF72-148D3058C711}.Release|Any CPU.Build.0 = Release|Any CPU
		{4371A729-38FC-4D58-84B2-1C7D80182C0E}.Debug|Any CPU.ActiveCfg = Debug|Any CPU
		{4371A729-38FC-4D58-84B2-1C7D80182C0E}.Debug|Any CPU.Build.0 = Debug|Any CPU
		{4371A729-38FC-4D58-84B2-1C7D80182C0E}.Release|Any CPU.ActiveCfg = Release|Any CPU
		{4371A729-38FC-4D58-84B2-1C7D80182C0E}.Release|Any CPU.Build.0 = Release|Any CPU
	EndGlobalSection
	GlobalSection(SolutionProperties) = preSolution
		HideSolutionNode = FALSE
	EndGlobalSection
	GlobalSection(NestedProjects) = preSolution
		{B0ECD49B-C9DC-48A1-9BA9-FDE84533CEE4} = {02EA681E-C7D8-13C7-8484-4AC65E1B71E8}
		{1633C107-5478-42C8-957D-55A4F213D44A} = {02EA681E-C7D8-13C7-8484-4AC65E1B71E8}
		{F47EE2CF-DEC5-4E31-9F62-FD2633EA7760} = {02EA681E-C7D8-13C7-8484-4AC65E1B71E8}
		{8E91BC0D-1F9A-4A90-9A5F-9591E007879F} = {37FBC5C8-2AD1-4557-AF0D-84D02D7F8F3C}
		{2CAAE638-481C-4003-AE32-804C14A1CA18} = {37FBC5C8-2AD1-4557-AF0D-84D02D7F8F3C}
		{E89B5DBE-2018-44C8-A633-69AFBFEC4088} = {37FBC5C8-2AD1-4557-AF0D-84D02D7F8F3C}
		{348B27B9-84F9-47CB-9AB3-46020C9D50E6} = {37FBC5C8-2AD1-4557-AF0D-84D02D7F8F3C}
		{2D20DF5D-3566-41F3-BBF9-DFF6FB42E269} = {02EA681E-C7D8-13C7-8484-4AC65E1B71E8}
		{131151E3-E949-4023-A0DF-629F2F52EB94} = {8E91BC0D-1F9A-4A90-9A5F-9591E007879F}
		{CB4486A5-BBFF-413D-93E5-749718DE9A4C} = {8E91BC0D-1F9A-4A90-9A5F-9591E007879F}
		{D4AC3D5E-8C9F-441A-804E-BAAA61A3FBF3} = {8E91BC0D-1F9A-4A90-9A5F-9591E007879F}
		{3E24D14D-431A-4092-B959-D23A166649A1} = {8E91BC0D-1F9A-4A90-9A5F-9591E007879F}
		{E07E289C-1F7D-47BA-BF72-148D3058C711} = {8E91BC0D-1F9A-4A90-9A5F-9591E007879F}
		{4371A729-38FC-4D58-84B2-1C7D80182C0E} = {8E91BC0D-1F9A-4A90-9A5F-9591E007879F}
	EndGlobalSection
	GlobalSection(ExtensibilityGlobals) = postSolution
		SolutionGuid = {98E2DD4C-8EC8-489F-B891-F8669818A6C1}
	EndGlobalSection
EndGlobal
