
Microsoft Visual Studio Solution File, Format Version 12.00
# Visual Studio Version 17
VisualStudioVersion = 17.13.35919.96
MinimumVisualStudioVersion = 10.0.40219.1
Project("{FAE04EC0-301F-11D3-BF4B-00C04F79EFBC}") = "Repaso_Week1_Bootcamp_Csharp", "Repaso_Week1_Bootcamp_Csharp\Repaso_Week1_Bootcamp_Csharp.csproj", "{5E31D71E-F456-43B9-B9C2-EE83F3F02F41}"
EndProject
Project("{FAE04EC0-301F-11D3-BF4B-00C04F79EFBC}") = "WhileLoop", "WhileLoop\WhileLoop.csproj", "{5077C7C5-C080-4051-89E3-9ADAD0532FE2}"
EndProject
Project("{FAE04EC0-301F-11D3-BF4B-00C04F79EFBC}") = "ForLoop", "ForLoop\ForLoop.csproj", "{E361473F-45B9-4F5B-9356-B88EE9C38161}"
EndProject
Project("{FAE04EC0-301F-11D3-BF4B-00C04F79EFBC}") = "Week2_Arrays_Uni", "Week2_Arrays_Uni\Week2_Arrays_Uni.csproj", "{1C2CAF42-691B-4CD6-859C-F4355ADE63BA}"
EndProject
Project("{FAE04EC0-301F-11D3-BF4B-00C04F79EFBC}") = "Week2_Arrays_Multi", "Week2_Arrays_Multi\Week2_Arrays_Multi.csproj", "{964375D9-0A7F-4E00-9FF0-40E6648C029D}"
EndProject
Project("{FAE04EC0-301F-11D3-BF4B-00C04F79EFBC}") = "Week2_Collection_arrayList", "Week2_Collection_arrayList\Week2_Collection_arrayList.csproj", "{B04099C0-BB6A-4914-A5B2-52BD1A3D1671}"
EndProject
Project("{FAE04EC0-301F-11D3-BF4B-00C04F79EFBC}") = "Week2_Colletion_List", "Week2_Colletion_List\Week2_Colletion_List.csproj", "{1AFB1F92-1999-41C2-8DD4-6CD01EDB3EE6}"
EndProject
Project("{FAE04EC0-301F-11D3-BF4B-00C04F79EFBC}") = "Week2_Arrays_Dictionary", "Week2_Arrays_Dictionary\Week2_Arrays_Dictionary.csproj", "{963FCCC4-7E64-41F5-A92E-883A9D634BAD}"
EndProject
Global
	GlobalSection(SolutionConfigurationPlatforms) = preSolution
		Debug|Any CPU = Debug|Any CPU
		Release|Any CPU = Release|Any CPU
	EndGlobalSection
	GlobalSection(ProjectConfigurationPlatforms) = postSolution
		{5E31D71E-F456-43B9-B9C2-EE83F3F02F41}.Debug|Any CPU.ActiveCfg = Debug|Any CPU
		{5E31D71E-F456-43B9-B9C2-EE83F3F02F41}.Debug|Any CPU.Build.0 = Debug|Any CPU
		{5E31D71E-F456-43B9-B9C2-EE83F3F02F41}.Release|Any CPU.ActiveCfg = Release|Any CPU
		{5E31D71E-F456-43B9-B9C2-EE83F3F02F41}.Release|Any CPU.Build.0 = Release|Any CPU
		{5077C7C5-C080-4051-89E3-9ADAD0532FE2}.Debug|Any CPU.ActiveCfg = Debug|Any CPU
		{5077C7C5-C080-4051-89E3-9ADAD0532FE2}.Debug|Any CPU.Build.0 = Debug|Any CPU
		{5077C7C5-C080-4051-89E3-9ADAD0532FE2}.Release|Any CPU.ActiveCfg = Release|Any CPU
		{5077C7C5-C080-4051-89E3-9ADAD0532FE2}.Release|Any CPU.Build.0 = Release|Any CPU
		{E361473F-45B9-4F5B-9356-B88EE9C38161}.Debug|Any CPU.ActiveCfg = Debug|Any CPU
		{E361473F-45B9-4F5B-9356-B88EE9C38161}.Debug|Any CPU.Build.0 = Debug|Any CPU
		{E361473F-45B9-4F5B-9356-B88EE9C38161}.Release|Any CPU.ActiveCfg = Release|Any CPU
		{E361473F-45B9-4F5B-9356-B88EE9C38161}.Release|Any CPU.Build.0 = Release|Any CPU
		{1C2CAF42-691B-4CD6-859C-F4355ADE63BA}.Debug|Any CPU.ActiveCfg = Debug|Any CPU
		{1C2CAF42-691B-4CD6-859C-F4355ADE63BA}.Debug|Any CPU.Build.0 = Debug|Any CPU
		{1C2CAF42-691B-4CD6-859C-F4355ADE63BA}.Release|Any CPU.ActiveCfg = Release|Any CPU
		{1C2CAF42-691B-4CD6-859C-F4355ADE63BA}.Release|Any CPU.Build.0 = Release|Any CPU
		{964375D9-0A7F-4E00-9FF0-40E6648C029D}.Debug|Any CPU.ActiveCfg = Debug|Any CPU
		{964375D9-0A7F-4E00-9FF0-40E6648C029D}.Debug|Any CPU.Build.0 = Debug|Any CPU
		{964375D9-0A7F-4E00-9FF0-40E6648C029D}.Release|Any CPU.ActiveCfg = Release|Any CPU
		{964375D9-0A7F-4E00-9FF0-40E6648C029D}.Release|Any CPU.Build.0 = Release|Any CPU
		{B04099C0-BB6A-4914-A5B2-52BD1A3D1671}.Debug|Any CPU.ActiveCfg = Debug|Any CPU
		{B04099C0-BB6A-4914-A5B2-52BD1A3D1671}.Debug|Any CPU.Build.0 = Debug|Any CPU
		{B04099C0-BB6A-4914-A5B2-52BD1A3D1671}.Release|Any CPU.ActiveCfg = Release|Any CPU
		{B04099C0-BB6A-4914-A5B2-52BD1A3D1671}.Release|Any CPU.Build.0 = Release|Any CPU
		{1AFB1F92-1999-41C2-8DD4-6CD01EDB3EE6}.Debug|Any CPU.ActiveCfg = Debug|Any CPU
		{1AFB1F92-1999-41C2-8DD4-6CD01EDB3EE6}.Debug|Any CPU.Build.0 = Debug|Any CPU
		{1AFB1F92-1999-41C2-8DD4-6CD01EDB3EE6}.Release|Any CPU.ActiveCfg = Release|Any CPU
		{1AFB1F92-1999-41C2-8DD4-6CD01EDB3EE6}.Release|Any CPU.Build.0 = Release|Any CPU
		{963FCCC4-7E64-41F5-A92E-883A9D634BAD}.Debug|Any CPU.ActiveCfg = Debug|Any CPU
		{963FCCC4-7E64-41F5-A92E-883A9D634BAD}.Debug|Any CPU.Build.0 = Debug|Any CPU
		{963FCCC4-7E64-41F5-A92E-883A9D634BAD}.Release|Any CPU.ActiveCfg = Release|Any CPU
		{963FCCC4-7E64-41F5-A92E-883A9D634BAD}.Release|Any CPU.Build.0 = Release|Any CPU
	EndGlobalSection
	GlobalSection(SolutionProperties) = preSolution
		HideSolutionNode = FALSE
	EndGlobalSection
	GlobalSection(ExtensibilityGlobals) = postSolution
		SolutionGuid = {98E2DD4C-8EC8-489F-B891-F8669818A6C1}
	EndGlobalSection
EndGlobal
